[[package]]
name = "adler32"
version = "1.0.2"
source = "registry+https://github.com/rust-lang/crates.io-index"

[[package]]
name = "ansi_term"
version = "0.10.2"
source = "registry+https://github.com/rust-lang/crates.io-index"

[[package]]
name = "atty"
version = "0.2.6"
source = "registry+https://github.com/rust-lang/crates.io-index"
dependencies = [
 "libc 0.2.36 (registry+https://github.com/rust-lang/crates.io-index)",
 "termion 1.5.1 (registry+https://github.com/rust-lang/crates.io-index)",
 "winapi 0.3.4 (registry+https://github.com/rust-lang/crates.io-index)",
]

[[package]]
name = "backtrace"
version = "0.3.5"
source = "registry+https://github.com/rust-lang/crates.io-index"
dependencies = [
 "backtrace-sys 0.1.16 (registry+https://github.com/rust-lang/crates.io-index)",
 "cfg-if 0.1.2 (registry+https://github.com/rust-lang/crates.io-index)",
 "libc 0.2.36 (registry+https://github.com/rust-lang/crates.io-index)",
 "rustc-demangle 0.1.5 (registry+https://github.com/rust-lang/crates.io-index)",
 "winapi 0.3.4 (registry+https://github.com/rust-lang/crates.io-index)",
]

[[package]]
name = "backtrace-sys"
version = "0.1.16"
source = "registry+https://github.com/rust-lang/crates.io-index"
dependencies = [
 "cc 1.0.4 (registry+https://github.com/rust-lang/crates.io-index)",
 "libc 0.2.36 (registry+https://github.com/rust-lang/crates.io-index)",
]

[[package]]
name = "bitflags"
version = "1.0.1"
source = "registry+https://github.com/rust-lang/crates.io-index"

[[package]]
name = "build_const"
version = "0.2.0"
source = "registry+https://github.com/rust-lang/crates.io-index"

[[package]]
name = "byteorder"
version = "1.2.1"
source = "registry+https://github.com/rust-lang/crates.io-index"

[[package]]
name = "calamine"
version = "0.12.1"
source = "registry+https://github.com/rust-lang/crates.io-index"
dependencies = [
 "byteorder 1.2.1 (registry+https://github.com/rust-lang/crates.io-index)",
 "encoding_rs 0.7.2 (registry+https://github.com/rust-lang/crates.io-index)",
 "error-chain 0.11.0 (registry+https://github.com/rust-lang/crates.io-index)",
 "log 0.3.9 (registry+https://github.com/rust-lang/crates.io-index)",
 "quick-xml 0.10.1 (registry+https://github.com/rust-lang/crates.io-index)",
 "serde 1.0.27 (registry+https://github.com/rust-lang/crates.io-index)",
 "zip 0.2.8 (registry+https://github.com/rust-lang/crates.io-index)",
]

[[package]]
name = "cc"
version = "1.0.4"
source = "registry+https://github.com/rust-lang/crates.io-index"

[[package]]
name = "cfg-if"
version = "0.1.2"
source = "registry+https://github.com/rust-lang/crates.io-index"

[[package]]
name = "clap"
version = "2.29.2"
source = "registry+https://github.com/rust-lang/crates.io-index"
dependencies = [
 "ansi_term 0.10.2 (registry+https://github.com/rust-lang/crates.io-index)",
 "atty 0.2.6 (registry+https://github.com/rust-lang/crates.io-index)",
 "bitflags 1.0.1 (registry+https://github.com/rust-lang/crates.io-index)",
 "strsim 0.6.0 (registry+https://github.com/rust-lang/crates.io-index)",
 "textwrap 0.9.0 (registry+https://github.com/rust-lang/crates.io-index)",
 "unicode-width 0.1.4 (registry+https://github.com/rust-lang/crates.io-index)",
 "vec_map 0.8.0 (registry+https://github.com/rust-lang/crates.io-index)",
]

[[package]]
name = "crc"
version = "1.7.0"
source = "registry+https://github.com/rust-lang/crates.io-index"
dependencies = [
 "build_const 0.2.0 (registry+https://github.com/rust-lang/crates.io-index)",
]

[[package]]
name = "csv"
version = "1.0.0-beta.5"
source = "registry+https://github.com/rust-lang/crates.io-index"
dependencies = [
 "csv-core 0.1.4 (registry+https://github.com/rust-lang/crates.io-index)",
 "serde 1.0.27 (registry+https://github.com/rust-lang/crates.io-index)",
]

[[package]]
name = "csv-core"
version = "0.1.4"
source = "registry+https://github.com/rust-lang/crates.io-index"
dependencies = [
 "memchr 2.0.1 (registry+https://github.com/rust-lang/crates.io-index)",
]

[[package]]
name = "encoding_rs"
version = "0.7.2"
source = "registry+https://github.com/rust-lang/crates.io-index"
dependencies = [
 "cfg-if 0.1.2 (registry+https://github.com/rust-lang/crates.io-index)",
]

[[package]]
name = "error-chain"
version = "0.11.0"
source = "registry+https://github.com/rust-lang/crates.io-index"
dependencies = [
 "backtrace 0.3.5 (registry+https://github.com/rust-lang/crates.io-index)",
]

[[package]]
name = "flate2"
version = "1.0.1"
source = "registry+https://github.com/rust-lang/crates.io-index"
dependencies = [
 "libc 0.2.36 (registry+https://github.com/rust-lang/crates.io-index)",
 "miniz_oxide_c_api 0.1.2 (registry+https://github.com/rust-lang/crates.io-index)",
]

[[package]]
name = "kernel32-sys"
version = "0.2.2"
source = "registry+https://github.com/rust-lang/crates.io-index"
dependencies = [
 "winapi 0.2.8 (registry+https://github.com/rust-lang/crates.io-index)",
 "winapi-build 0.1.1 (registry+https://github.com/rust-lang/crates.io-index)",
]

[[package]]
name = "libc"
version = "0.2.36"
source = "registry+https://github.com/rust-lang/crates.io-index"

[[package]]
name = "log"
version = "0.3.9"
source = "registry+https://github.com/rust-lang/crates.io-index"
dependencies = [
 "log 0.4.1 (registry+https://github.com/rust-lang/crates.io-index)",
]

[[package]]
name = "log"
version = "0.4.1"
source = "registry+https://github.com/rust-lang/crates.io-index"
dependencies = [
 "cfg-if 0.1.2 (registry+https://github.com/rust-lang/crates.io-index)",
]

[[package]]
name = "memchr"
version = "2.0.1"
source = "registry+https://github.com/rust-lang/crates.io-index"
dependencies = [
 "libc 0.2.36 (registry+https://github.com/rust-lang/crates.io-index)",
]

[[package]]
name = "miniz_oxide"
version = "0.1.2"
source = "registry+https://github.com/rust-lang/crates.io-index"
dependencies = [
 "adler32 1.0.2 (registry+https://github.com/rust-lang/crates.io-index)",
 "libc 0.2.36 (registry+https://github.com/rust-lang/crates.io-index)",
]

[[package]]
name = "miniz_oxide_c_api"
version = "0.1.2"
source = "registry+https://github.com/rust-lang/crates.io-index"
dependencies = [
 "cc 1.0.4 (registry+https://github.com/rust-lang/crates.io-index)",
 "crc 1.7.0 (registry+https://github.com/rust-lang/crates.io-index)",
 "libc 0.2.36 (registry+https://github.com/rust-lang/crates.io-index)",
 "miniz_oxide 0.1.2 (registry+https://github.com/rust-lang/crates.io-index)",
]

[[package]]
name = "msdos_time"
version = "0.1.5"
source = "registry+https://github.com/rust-lang/crates.io-index"
dependencies = [
 "kernel32-sys 0.2.2 (registry+https://github.com/rust-lang/crates.io-index)",
 "time 0.1.39 (registry+https://github.com/rust-lang/crates.io-index)",
 "winapi 0.2.8 (registry+https://github.com/rust-lang/crates.io-index)",
]

[[package]]
name = "pbr"
version = "1.0.0"
source = "registry+https://github.com/rust-lang/crates.io-index"
dependencies = [
 "kernel32-sys 0.2.2 (registry+https://github.com/rust-lang/crates.io-index)",
 "libc 0.2.36 (registry+https://github.com/rust-lang/crates.io-index)",
 "time 0.1.39 (registry+https://github.com/rust-lang/crates.io-index)",
 "winapi 0.2.8 (registry+https://github.com/rust-lang/crates.io-index)",
]

[[package]]
name = "podio"
version = "0.1.6"
source = "registry+https://github.com/rust-lang/crates.io-index"

[[package]]
name = "quick-xml"
version = "0.10.1"
source = "registry+https://github.com/rust-lang/crates.io-index"
dependencies = [
 "encoding_rs 0.7.2 (registry+https://github.com/rust-lang/crates.io-index)",
 "error-chain 0.11.0 (registry+https://github.com/rust-lang/crates.io-index)",
 "memchr 2.0.1 (registry+https://github.com/rust-lang/crates.io-index)",
]

[[package]]
name = "redox_syscall"
version = "0.1.37"
source = "registry+https://github.com/rust-lang/crates.io-index"

[[package]]
name = "redox_termios"
version = "0.1.1"
source = "registry+https://github.com/rust-lang/crates.io-index"
dependencies = [
 "redox_syscall 0.1.37 (registry+https://github.com/rust-lang/crates.io-index)",
]

[[package]]
name = "rustc-demangle"
version = "0.1.5"
source = "registry+https://github.com/rust-lang/crates.io-index"

[[package]]
name = "serde"
version = "1.0.27"
source = "registry+https://github.com/rust-lang/crates.io-index"

[[package]]
name = "strsim"
version = "0.6.0"
source = "registry+https://github.com/rust-lang/crates.io-index"

[[package]]
name = "termion"
version = "1.5.1"
source = "registry+https://github.com/rust-lang/crates.io-index"
dependencies = [
 "libc 0.2.36 (registry+https://github.com/rust-lang/crates.io-index)",
 "redox_syscall 0.1.37 (registry+https://github.com/rust-lang/crates.io-index)",
 "redox_termios 0.1.1 (registry+https://github.com/rust-lang/crates.io-index)",
]

[[package]]
name = "textwrap"
version = "0.9.0"
source = "registry+https://github.com/rust-lang/crates.io-index"
dependencies = [
 "unicode-width 0.1.4 (registry+https://github.com/rust-lang/crates.io-index)",
]

[[package]]
name = "time"
version = "0.1.39"
source = "registry+https://github.com/rust-lang/crates.io-index"
dependencies = [
 "libc 0.2.36 (registry+https://github.com/rust-lang/crates.io-index)",
 "redox_syscall 0.1.37 (registry+https://github.com/rust-lang/crates.io-index)",
 "winapi 0.3.4 (registry+https://github.com/rust-lang/crates.io-index)",
]

[[package]]
name = "unicode-width"
version = "0.1.4"
source = "registry+https://github.com/rust-lang/crates.io-index"

[[package]]
name = "vec_map"
version = "0.8.0"
source = "registry+https://github.com/rust-lang/crates.io-index"

[[package]]
name = "winapi"
version = "0.2.8"
source = "registry+https://github.com/rust-lang/crates.io-index"

[[package]]
name = "winapi"
version = "0.3.4"
source = "registry+https://github.com/rust-lang/crates.io-index"
dependencies = [
 "winapi-i686-pc-windows-gnu 0.4.0 (registry+https://github.com/rust-lang/crates.io-index)",
 "winapi-x86_64-pc-windows-gnu 0.4.0 (registry+https://github.com/rust-lang/crates.io-index)",
]

[[package]]
name = "winapi-build"
version = "0.1.1"
source = "registry+https://github.com/rust-lang/crates.io-index"

[[package]]
name = "winapi-i686-pc-windows-gnu"
version = "0.4.0"
source = "registry+https://github.com/rust-lang/crates.io-index"

[[package]]
name = "winapi-x86_64-pc-windows-gnu"
version = "0.4.0"
source = "registry+https://github.com/rust-lang/crates.io-index"

[[package]]
name = "xlsx2csv"
version = "0.1.1"
dependencies = [
 "calamine 0.12.1 (registry+https://github.com/rust-lang/crates.io-index)",
 "clap 2.29.2 (registry+https://github.com/rust-lang/crates.io-index)",
 "csv 1.0.0-beta.5 (registry+https://github.com/rust-lang/crates.io-index)",
 "pbr 1.0.0 (registry+https://github.com/rust-lang/crates.io-index)",
]

[[package]]
name = "zip"
version = "0.2.8"
source = "registry+https://github.com/rust-lang/crates.io-index"
dependencies = [
 "flate2 1.0.1 (registry+https://github.com/rust-lang/crates.io-index)",
 "msdos_time 0.1.5 (registry+https://github.com/rust-lang/crates.io-index)",
 "podio 0.1.6 (registry+https://github.com/rust-lang/crates.io-index)",
 "time 0.1.39 (registry+https://github.com/rust-lang/crates.io-index)",
]

[metadata]
"checksum adler32 1.0.2 (registry+https://github.com/rust-lang/crates.io-index)" = "6cbd0b9af8587c72beadc9f72d35b9fbb070982c9e6203e46e93f10df25f8f45"
"checksum ansi_term 0.10.2 (registry+https://github.com/rust-lang/crates.io-index)" = "6b3568b48b7cefa6b8ce125f9bb4989e52fbcc29ebea88df04cc7c5f12f70455"
"checksum atty 0.2.6 (registry+https://github.com/rust-lang/crates.io-index)" = "8352656fd42c30a0c3c89d26dea01e3b77c0ab2af18230835c15e2e13cd51859"
"checksum backtrace 0.3.5 (registry+https://github.com/rust-lang/crates.io-index)" = "ebbbf59b1c43eefa8c3ede390fcc36820b4999f7914104015be25025e0d62af2"
"checksum backtrace-sys 0.1.16 (registry+https://github.com/rust-lang/crates.io-index)" = "44585761d6161b0f57afc49482ab6bd067e4edef48c12a152c237eb0203f7661"
"checksum bitflags 1.0.1 (registry+https://github.com/rust-lang/crates.io-index)" = "b3c30d3802dfb7281680d6285f2ccdaa8c2d8fee41f93805dba5c4cf50dc23cf"
"checksum build_const 0.2.0 (registry+https://github.com/rust-lang/crates.io-index)" = "e90dc84f5e62d2ebe7676b83c22d33b6db8bd27340fb6ffbff0a364efa0cb9c9"
"checksum byteorder 1.2.1 (registry+https://github.com/rust-lang/crates.io-index)" = "652805b7e73fada9d85e9a6682a4abd490cb52d96aeecc12e33a0de34dfd0d23"
"checksum calamine 0.12.1 (registry+https://github.com/rust-lang/crates.io-index)" = "2aeca3be8f408bedbc5a0cc20d71b4015d8d275db98dd0c2bfc20b48a27788c1"
"checksum cc 1.0.4 (registry+https://github.com/rust-lang/crates.io-index)" = "deaf9ec656256bb25b404c51ef50097207b9cbb29c933d31f92cae5a8a0ffee0"
"checksum cfg-if 0.1.2 (registry+https://github.com/rust-lang/crates.io-index)" = "d4c819a1287eb618df47cc647173c5c4c66ba19d888a6e50d605672aed3140de"
"checksum clap 2.29.2 (registry+https://github.com/rust-lang/crates.io-index)" = "4151c5790817c7d21bbdc6c3530811f798172915f93258244948b93ba19604a6"
"checksum crc 1.7.0 (registry+https://github.com/rust-lang/crates.io-index)" = "bd5d02c0aac6bd68393ed69e00bbc2457f3e89075c6349db7189618dc4ddc1d7"
"checksum csv 1.0.0-beta.5 (registry+https://github.com/rust-lang/crates.io-index)" = "e7a9e063dcebdb56c306f23e672bfd31df3da8ec5f6d696b35f2c29c2a9572f0"
"checksum csv-core 0.1.4 (registry+https://github.com/rust-lang/crates.io-index)" = "4dd8e6d86f7ba48b4276ef1317edc8cc36167546d8972feb4a2b5fec0b374105"
"checksum encoding_rs 0.7.2 (registry+https://github.com/rust-lang/crates.io-index)" = "98fd0f24d1fb71a4a6b9330c8ca04cbd4e7cc5d846b54ca74ff376bc7c9f798d"
"checksum error-chain 0.11.0 (registry+https://github.com/rust-lang/crates.io-index)" = "ff511d5dc435d703f4971bc399647c9bc38e20cb41452e3b9feb4765419ed3f3"
"checksum flate2 1.0.1 (registry+https://github.com/rust-lang/crates.io-index)" = "9fac2277e84e5e858483756647a9d0aa8d9a2b7cba517fd84325a0aaa69a0909"
"checksum kernel32-sys 0.2.2 (registry+https://github.com/rust-lang/crates.io-index)" = "7507624b29483431c0ba2d82aece8ca6cdba9382bff4ddd0f7490560c056098d"
"checksum libc 0.2.36 (registry+https://github.com/rust-lang/crates.io-index)" = "1e5d97d6708edaa407429faa671b942dc0f2727222fb6b6539bf1db936e4b121"
"checksum log 0.3.9 (registry+https://github.com/rust-lang/crates.io-index)" = "e19e8d5c34a3e0e2223db8e060f9e8264aeeb5c5fc64a4ee9965c062211c024b"
"checksum log 0.4.1 (registry+https://github.com/rust-lang/crates.io-index)" = "89f010e843f2b1a31dbd316b3b8d443758bc634bed37aabade59c686d644e0a2"
"checksum memchr 2.0.1 (registry+https://github.com/rust-lang/crates.io-index)" = "796fba70e76612589ed2ce7f45282f5af869e0fdd7cc6199fa1aa1f1d591ba9d"
"checksum miniz_oxide 0.1.2 (registry+https://github.com/rust-lang/crates.io-index)" = "aaa2d3ad070f428fffbd7d3ca2ea20bb0d8cffe9024405c44e1840bc1418b398"
"checksum miniz_oxide_c_api 0.1.2 (registry+https://github.com/rust-lang/crates.io-index)" = "92d98fdbd6145645828069b37ea92ca3de225e000d80702da25c20d3584b38a5"
"checksum msdos_time 0.1.5 (registry+https://github.com/rust-lang/crates.io-index)" = "65ba9d75bcea84e07812618fedf284a64776c2f2ea0cad6bca7f69739695a958"
"checksum pbr 1.0.0 (registry+https://github.com/rust-lang/crates.io-index)" = "e048e3afebb6c454bb1c5d0fe73fda54698b4715d78ed8e7302447c37736d23a"
"checksum podio 0.1.6 (registry+https://github.com/rust-lang/crates.io-index)" = "780fb4b6698bbf9cf2444ea5d22411cef2953f0824b98f33cf454ec5615645bd"
"checksum quick-xml 0.10.1 (registry+https://github.com/rust-lang/crates.io-index)" = "19602854dba17f93b3011fe272af6db3133d5b495279f504bf9104dc97879717"
"checksum redox_syscall 0.1.37 (registry+https://github.com/rust-lang/crates.io-index)" = "0d92eecebad22b767915e4d529f89f28ee96dbbf5a4810d2b844373f136417fd"
"checksum redox_termios 0.1.1 (registry+https://github.com/rust-lang/crates.io-index)" = "7e891cfe48e9100a70a3b6eb652fef28920c117d366339687bd5576160db0f76"
"checksum rustc-demangle 0.1.5 (registry+https://github.com/rust-lang/crates.io-index)" = "aee45432acc62f7b9a108cc054142dac51f979e69e71ddce7d6fc7adf29e817e"
"checksum serde 1.0.27 (registry+https://github.com/rust-lang/crates.io-index)" = "db99f3919e20faa51bb2996057f5031d8685019b5a06139b1ce761da671b8526"
"checksum strsim 0.6.0 (registry+https://github.com/rust-lang/crates.io-index)" = "b4d15c810519a91cf877e7e36e63fe068815c678181439f2f29e2562147c3694"
"checksum termion 1.5.1 (registry+https://github.com/rust-lang/crates.io-index)" = "689a3bdfaab439fd92bc87df5c4c78417d3cbe537487274e9b0b2dce76e92096"
"checksum textwrap 0.9.0 (registry+https://github.com/rust-lang/crates.io-index)" = "c0b59b6b4b44d867f1370ef1bd91bfb262bf07bf0ae65c202ea2fbc16153b693"
"checksum time 0.1.39 (registry+https://github.com/rust-lang/crates.io-index)" = "a15375f1df02096fb3317256ce2cee6a1f42fc84ea5ad5fc8c421cfe40c73098"
"checksum unicode-width 0.1.4 (registry+https://github.com/rust-lang/crates.io-index)" = "bf3a113775714a22dcb774d8ea3655c53a32debae63a063acc00a91cc586245f"
"checksum vec_map 0.8.0 (registry+https://github.com/rust-lang/crates.io-index)" = "887b5b631c2ad01628bbbaa7dd4c869f80d3186688f8d0b6f58774fbe324988c"
"checksum winapi 0.2.8 (registry+https://github.com/rust-lang/crates.io-index)" = "167dc9d6949a9b857f3451275e911c3f44255842c1f7a76f33c55103a909087a"
"checksum winapi 0.3.4 (registry+https://github.com/rust-lang/crates.io-index)" = "04e3bd221fcbe8a271359c04f21a76db7d0c6028862d1bb5512d85e1e2eb5bb3"
"checksum winapi-build 0.1.1 (registry+https://github.com/rust-lang/crates.io-index)" = "2d315eee3b34aca4797b2da6b13ed88266e6d612562a0c46390af8299fc699bc"
"checksum winapi-i686-pc-windows-gnu 0.4.0 (registry+https://github.com/rust-lang/crates.io-index)" = "ac3b87c63620426dd9b991e5ce0329eff545bccbbb34f3be09ff6fb6ab51b7b6"
"checksum winapi-x86_64-pc-windows-gnu 0.4.0 (registry+https://github.com/rust-lang/crates.io-index)" = "712e227841d057c1ee1cd2fb22fa7e5a5461ae8e48fa2ca79ec42cfc1931183f"
"checksum zip 0.2.8 (registry+https://github.com/rust-lang/crates.io-index)" = "e7341988e4535c60882d5e5f0b7ad0a9a56b080ade8bdb5527cb512f7b2180e0"
